
Microsoft Visual Studio Solution File, Format Version 12.00
# Visual Studio Version 17
VisualStudioVersion = 17.5.33530.505
MinimumVisualStudioVersion = 10.0.40219.1
Project("{FAE04EC0-301F-11D3-BF4B-00C04F79EFBC}") = "HackerRankConsoleApp", "HackerRankConsoleApp\HackerRankConsoleApp.csproj", "{D3C7F070-8FCE-4F2D-955B-C1CA7E88101D}"
EndProject
Global
	GlobalSection(SolutionConfigurationPlatforms) = preSolution
		Debug|Any CPU = Debug|Any CPU
		Release|Any CPU = Release|Any CPU
	EndGlobalSection
	GlobalSection(ProjectConfigurationPlatforms) = postSolution
		{D3C7F070-8FCE-4F2D-955B-C1CA7E88101D}.Debug|Any CPU.ActiveCfg = Debug|Any CPU
		{D3C7F070-8FCE-4F2D-955B-C1CA7E88101D}.Debug|Any CPU.Build.0 = Debug|Any CPU
		{D3C7F070-8FCE-4F2D-955B-C1CA7E88101D}.Release|Any CPU.ActiveCfg = Release|Any CPU
		{D3C7F070-8FCE-4F2D-955B-C1CA7E88101D}.Release|Any CPU.Build.0 = Release|Any CPU
	EndGlobalSection
	GlobalSection(SolutionProperties) = preSolution
		HideSolutionNode = FALSE
	EndGlobalSection
	GlobalSection(ExtensibilityGlobals) = postSolution
		SolutionGuid = {ABDA2C8C-29B2-4A6F-A4BB-261F9CA8BEED}
	EndGlobalSection
EndGlobal
